// !$*UTF8*$!
{
	archiveVersion = 1;
	classes = {
	};
	objectVersion = 56;
	objects = {

/* Begin PBXBuildFile section */
		AE0C64A62C4A64C50009305D /* NVActivityIndicatorView in Frameworks */ = {isa = PBXBuildFile; productRef = AE0C64A52C4A64C50009305D /* NVActivityIndicatorView */; };
		AE0C64A92C4A64D10009305D /* Alamofire in Frameworks */ = {isa = PBXBuildFile; productRef = AE0C64A82C4A64D10009305D /* Alamofire */; };
		AE0C64AB2C4A64D10009305D /* AlamofireDynamic in Frameworks */ = {isa = PBXBuildFile; productRef = AE0C64AA2C4A64D10009305D /* AlamofireDynamic */; };
		AE1618DF2C423BCC0027D92F /* AppDelegate.swift in Sources */ = {isa = PBXBuildFile; fileRef = AE1618DE2C423BCC0027D92F /* AppDelegate.swift */; };
		AE1618E12C423BCC0027D92F /* SceneDelegate.swift in Sources */ = {isa = PBXBuildFile; fileRef = AE1618E02C423BCC0027D92F /* SceneDelegate.swift */; };
		AE1618E62C423BCC0027D92F /* Main.storyboard in Resources */ = {isa = PBXBuildFile; fileRef = AE1618E42C423BCC0027D92F /* Main.storyboard */; };
		AE1618E92C423BCC0027D92F /* eliteTask.xcdatamodeld in Sources */ = {isa = PBXBuildFile; fileRef = AE1618E72C423BCC0027D92F /* eliteTask.xcdatamodeld */; };
		AE1618EB2C423BCE0027D92F /* Assets.xcassets in Resources */ = {isa = PBXBuildFile; fileRef = AE1618EA2C423BCE0027D92F /* Assets.xcassets */; };
		AE1618EE2C423BCE0027D92F /* LaunchScreen.storyboard in Resources */ = {isa = PBXBuildFile; fileRef = AE1618EC2C423BCE0027D92F /* LaunchScreen.storyboard */; };
		AE1618F92C423BCE0027D92F /* eliteTaskTests.swift in Sources */ = {isa = PBXBuildFile; fileRef = AE1618F82C423BCE0027D92F /* eliteTaskTests.swift */; };
		AE1619032C423BCE0027D92F /* eliteTaskUITests.swift in Sources */ = {isa = PBXBuildFile; fileRef = AE1619022C423BCE0027D92F /* eliteTaskUITests.swift */; };
		AE1619052C423BCE0027D92F /* eliteTaskUITestsLaunchTests.swift in Sources */ = {isa = PBXBuildFile; fileRef = AE1619042C423BCE0027D92F /* eliteTaskUITestsLaunchTests.swift */; };
		AE1619172C423C590027D92F /* Helper.swift in Sources */ = {isa = PBXBuildFile; fileRef = AE1619162C423C590027D92F /* Helper.swift */; };
		AE16191F2C423D1A0027D92F /* mainViewModel.swift in Sources */ = {isa = PBXBuildFile; fileRef = AE16191E2C423D1A0027D92F /* mainViewModel.swift */; };
		AE62894D2C4E2291001B0055 /* serviceFile.swift in Sources */ = {isa = PBXBuildFile; fileRef = AE62894C2C4E2291001B0055 /* serviceFile.swift */; };
		AE62894E2C4E2291001B0055 /* serviceFile.swift in Sources */ = {isa = PBXBuildFile; fileRef = AE62894C2C4E2291001B0055 /* serviceFile.swift */; };
		AE62894F2C4E2291001B0055 /* serviceFile.swift in Sources */ = {isa = PBXBuildFile; fileRef = AE62894C2C4E2291001B0055 /* serviceFile.swift */; };
		AE6CEC4E2C427525000BF4A0 /* cardViewController.swift in Sources */ = {isa = PBXBuildFile; fileRef = AE6CEC4D2C427525000BF4A0 /* cardViewController.swift */; };
		AE6CEC502C427533000BF4A0 /* prosepectViewController.swift in Sources */ = {isa = PBXBuildFile; fileRef = AE6CEC4F2C427533000BF4A0 /* prosepectViewController.swift */; };
		AE6CEC522C427545000BF4A0 /* shareViewController.swift in Sources */ = {isa = PBXBuildFile; fileRef = AE6CEC512C427545000BF4A0 /* shareViewController.swift */; };
		AE6CEC542C427559000BF4A0 /* settingsViewController.swift in Sources */ = {isa = PBXBuildFile; fileRef = AE6CEC532C427559000BF4A0 /* settingsViewController.swift */; };
		AE8AF6492C4E270500781C57 /* employeeModel.swift in Sources */ = {isa = PBXBuildFile; fileRef = AE8AF6482C4E270500781C57 /* employeeModel.swift */; };
		AE8AF64A2C4E270500781C57 /* employeeModel.swift in Sources */ = {isa = PBXBuildFile; fileRef = AE8AF6482C4E270500781C57 /* employeeModel.swift */; };
		AE8AF64B2C4E270500781C57 /* employeeModel.swift in Sources */ = {isa = PBXBuildFile; fileRef = AE8AF6482C4E270500781C57 /* employeeModel.swift */; };
		AEE690382C429C9900F56CE1 /* cardCollectionViewCell.swift in Sources */ = {isa = PBXBuildFile; fileRef = AEE690362C429C9900F56CE1 /* cardCollectionViewCell.swift */; };
		AEE690392C429C9900F56CE1 /* cardCollectionViewCell.xib in Resources */ = {isa = PBXBuildFile; fileRef = AEE690372C429C9900F56CE1 /* cardCollectionViewCell.xib */; };
/* End PBXBuildFile section */

/* Begin PBXContainerItemProxy section */
		AE1618F52C423BCE0027D92F /* PBXContainerItemProxy */ = {
			isa = PBXContainerItemProxy;
			containerPortal = AE1618D32C423BCC0027D92F /* Project object */;
			proxyType = 1;
			remoteGlobalIDString = AE1618DA2C423BCC0027D92F;
			remoteInfo = eliteTask;
		};
		AE1618FF2C423BCE0027D92F /* PBXContainerItemProxy */ = {
			isa = PBXContainerItemProxy;
			containerPortal = AE1618D32C423BCC0027D92F /* Project object */;
			proxyType = 1;
			remoteGlobalIDString = AE1618DA2C423BCC0027D92F;
			remoteInfo = eliteTask;
		};
/* End PBXContainerItemProxy section */

/* Begin PBXFileReference section */
		AE1618DB2C423BCC0027D92F /* eliteTask.app */ = {isa = PBXFileReference; explicitFileType = wrapper.application; includeInIndex = 0; path = eliteTask.app; sourceTree = BUILT_PRODUCTS_DIR; };
		AE1618DE2C423BCC0027D92F /* AppDelegate.swift */ = {isa = PBXFileReference; lastKnownFileType = sourcecode.swift; path = AppDelegate.swift; sourceTree = "<group>"; };
		AE1618E02C423BCC0027D92F /* SceneDelegate.swift */ = {isa = PBXFileReference; lastKnownFileType = sourcecode.swift; path = SceneDelegate.swift; sourceTree = "<group>"; };
		AE1618E52C423BCC0027D92F /* Base */ = {isa = PBXFileReference; lastKnownFileType = file.storyboard; name = Base; path = Base.lproj/Main.storyboard; sourceTree = "<group>"; };
		AE1618E82C423BCC0027D92F /* eliteTask.xcdatamodel */ = {isa = PBXFileReference; lastKnownFileType = wrapper.xcdatamodel; path = eliteTask.xcdatamodel; sourceTree = "<group>"; };
		AE1618EA2C423BCE0027D92F /* Assets.xcassets */ = {isa = PBXFileReference; lastKnownFileType = folder.assetcatalog; path = Assets.xcassets; sourceTree = "<group>"; };
		AE1618ED2C423BCE0027D92F /* Base */ = {isa = PBXFileReference; lastKnownFileType = file.storyboard; name = Base; path = Base.lproj/LaunchScreen.storyboard; sourceTree = "<group>"; };
		AE1618EF2C423BCE0027D92F /* Info.plist */ = {isa = PBXFileReference; lastKnownFileType = text.plist.xml; path = Info.plist; sourceTree = "<group>"; };
		AE1618F42C423BCE0027D92F /* eliteTaskTests.xctest */ = {isa = PBXFileReference; explicitFileType = wrapper.cfbundle; includeInIndex = 0; path = eliteTaskTests.xctest; sourceTree = BUILT_PRODUCTS_DIR; };
		AE1618F82C423BCE0027D92F /* eliteTaskTests.swift */ = {isa = PBXFileReference; lastKnownFileType = sourcecode.swift; path = eliteTaskTests.swift; sourceTree = "<group>"; };
		AE1618FE2C423BCE0027D92F /* eliteTaskUITests.xctest */ = {isa = PBXFileReference; explicitFileType = wrapper.cfbundle; includeInIndex = 0; path = eliteTaskUITests.xctest; sourceTree = BUILT_PRODUCTS_DIR; };
		AE1619022C423BCE0027D92F /* eliteTaskUITests.swift */ = {isa = PBXFileReference; lastKnownFileType = sourcecode.swift; path = eliteTaskUITests.swift; sourceTree = "<group>"; };
		AE1619042C423BCE0027D92F /* eliteTaskUITestsLaunchTests.swift */ = {isa = PBXFileReference; lastKnownFileType = sourcecode.swift; path = eliteTaskUITestsLaunchTests.swift; sourceTree = "<group>"; };
		AE1619162C423C590027D92F /* Helper.swift */ = {isa = PBXFileReference; lastKnownFileType = sourcecode.swift; path = Helper.swift; sourceTree = "<group>"; };
		AE16191E2C423D1A0027D92F /* mainViewModel.swift */ = {isa = PBXFileReference; lastKnownFileType = sourcecode.swift; path = mainViewModel.swift; sourceTree = "<group>"; };
		AE62894C2C4E2291001B0055 /* serviceFile.swift */ = {isa = PBXFileReference; lastKnownFileType = sourcecode.swift; path = serviceFile.swift; sourceTree = "<group>"; };
		AE6CEC4D2C427525000BF4A0 /* cardViewController.swift */ = {isa = PBXFileReference; lastKnownFileType = sourcecode.swift; path = cardViewController.swift; sourceTree = "<group>"; };
		AE6CEC4F2C427533000BF4A0 /* prosepectViewController.swift */ = {isa = PBXFileReference; lastKnownFileType = sourcecode.swift; path = prosepectViewController.swift; sourceTree = "<group>"; };
		AE6CEC512C427545000BF4A0 /* shareViewController.swift */ = {isa = PBXFileReference; lastKnownFileType = sourcecode.swift; path = shareViewController.swift; sourceTree = "<group>"; };
		AE6CEC532C427559000BF4A0 /* settingsViewController.swift */ = {isa = PBXFileReference; lastKnownFileType = sourcecode.swift; path = settingsViewController.swift; sourceTree = "<group>"; };
		AE8AF6482C4E270500781C57 /* employeeModel.swift */ = {isa = PBXFileReference; lastKnownFileType = sourcecode.swift; path = employeeModel.swift; sourceTree = "<group>"; };
		AEE690362C429C9900F56CE1 /* cardCollectionViewCell.swift */ = {isa = PBXFileReference; lastKnownFileType = sourcecode.swift; path = cardCollectionViewCell.swift; sourceTree = "<group>"; };
		AEE690372C429C9900F56CE1 /* cardCollectionViewCell.xib */ = {isa = PBXFileReference; lastKnownFileType = file.xib; path = cardCollectionViewCell.xib; sourceTree = "<group>"; };
/* End PBXFileReference section */

/* Begin PBXFrameworksBuildPhase section */
		AE1618D82C423BCC0027D92F /* Frameworks */ = {
			isa = PBXFrameworksBuildPhase;
			buildActionMask = 2147483647;
			files = (
				AE0C64A62C4A64C50009305D /* NVActivityIndicatorView in Frameworks */,
				AE0C64AB2C4A64D10009305D /* AlamofireDynamic in Frameworks */,
				AE0C64A92C4A64D10009305D /* Alamofire in Frameworks */,
			);
			runOnlyForDeploymentPostprocessing = 0;
		};
		AE1618F12C423BCE0027D92F /* Frameworks */ = {
			isa = PBXFrameworksBuildPhase;
			buildActionMask = 2147483647;
			files = (
			);
			runOnlyForDeploymentPostprocessing = 0;
		};
		AE1618FB2C423BCE0027D92F /* Frameworks */ = {
			isa = PBXFrameworksBuildPhase;
			buildActionMask = 2147483647;
			files = (
			);
			runOnlyForDeploymentPostprocessing = 0;
		};
/* End PBXFrameworksBuildPhase section */

/* Begin PBXGroup section */
		AE1618D22C423BCC0027D92F = {
			isa = PBXGroup;
			children = (
				AE1618DD2C423BCC0027D92F /* eliteTask */,
				AE1618F72C423BCE0027D92F /* eliteTaskTests */,
				AE1619012C423BCE0027D92F /* eliteTaskUITests */,
				AE1618DC2C423BCC0027D92F /* Products */,
			);
			sourceTree = "<group>";
		};
		AE1618DC2C423BCC0027D92F /* Products */ = {
			isa = PBXGroup;
			children = (
				AE1618DB2C423BCC0027D92F /* eliteTask.app */,
				AE1618F42C423BCE0027D92F /* eliteTaskTests.xctest */,
				AE1618FE2C423BCE0027D92F /* eliteTaskUITests.xctest */,
			);
			name = Products;
			sourceTree = "<group>";
		};
		AE1618DD2C423BCC0027D92F /* eliteTask */ = {
			isa = PBXGroup;
			children = (
				AE1619112C423BFA0027D92F /* Model */,
				AE1619132C423C0B0027D92F /* View */,
				AE1619122C423C080027D92F /* ViewModel */,
				AE1618DE2C423BCC0027D92F /* AppDelegate.swift */,
				AE1618E02C423BCC0027D92F /* SceneDelegate.swift */,
				AE1618EA2C423BCE0027D92F /* Assets.xcassets */,
				AE1618EC2C423BCE0027D92F /* LaunchScreen.storyboard */,
				AE1618EF2C423BCE0027D92F /* Info.plist */,
				AE1618E72C423BCC0027D92F /* eliteTask.xcdatamodeld */,
			);
			path = eliteTask;
			sourceTree = "<group>";
		};
		AE1618F72C423BCE0027D92F /* eliteTaskTests */ = {
			isa = PBXGroup;
			children = (
				AE1618F82C423BCE0027D92F /* eliteTaskTests.swift */,
			);
			path = eliteTaskTests;
			sourceTree = "<group>";
		};
		AE1619012C423BCE0027D92F /* eliteTaskUITests */ = {
			isa = PBXGroup;
			children = (
				AE1619022C423BCE0027D92F /* eliteTaskUITests.swift */,
				AE1619042C423BCE0027D92F /* eliteTaskUITestsLaunchTests.swift */,
			);
			path = eliteTaskUITests;
			sourceTree = "<group>";
		};
		AE1619112C423BFA0027D92F /* Model */ = {
			isa = PBXGroup;
			children = (
				AE1619162C423C590027D92F /* Helper.swift */,
				AE8AF6482C4E270500781C57 /* employeeModel.swift */,
			);
			path = Model;
			sourceTree = "<group>";
		};
		AE1619122C423C080027D92F /* ViewModel */ = {
			isa = PBXGroup;
			children = (
				AE16191E2C423D1A0027D92F /* mainViewModel.swift */,
				AE62894C2C4E2291001B0055 /* serviceFile.swift */,
			);
			path = ViewModel;
			sourceTree = "<group>";
		};
		AE1619132C423C0B0027D92F /* View */ = {
			isa = PBXGroup;
			children = (
				AE1618E42C423BCC0027D92F /* Main.storyboard */,
				AE16191C2C423CBF0027D92F /* viewController */,
				AE16191A2C423C880027D92F /* collectionCell */,
			);
			path = View;
			sourceTree = "<group>";
		};
		AE16191A2C423C880027D92F /* collectionCell */ = {
			isa = PBXGroup;
			children = (
				AEE690362C429C9900F56CE1 /* cardCollectionViewCell.swift */,
				AEE690372C429C9900F56CE1 /* cardCollectionViewCell.xib */,
			);
			path = collectionCell;
			sourceTree = "<group>";
		};
		AE16191C2C423CBF0027D92F /* viewController */ = {
			isa = PBXGroup;
			children = (
				AE6CEC4D2C427525000BF4A0 /* cardViewController.swift */,
				AE6CEC4F2C427533000BF4A0 /* prosepectViewController.swift */,
				AE6CEC512C427545000BF4A0 /* shareViewController.swift */,
				AE6CEC532C427559000BF4A0 /* settingsViewController.swift */,
			);
			path = viewController;
			sourceTree = "<group>";
		};
/* End PBXGroup section */

/* Begin PBXNativeTarget section */
		AE1618DA2C423BCC0027D92F /* eliteTask */ = {
			isa = PBXNativeTarget;
			buildConfigurationList = AE1619082C423BCE0027D92F /* Build configuration list for PBXNativeTarget "eliteTask" */;
			buildPhases = (
				AE1618D72C423BCC0027D92F /* Sources */,
				AE1618D82C423BCC0027D92F /* Frameworks */,
				AE1618D92C423BCC0027D92F /* Resources */,
			);
			buildRules = (
			);
			dependencies = (
			);
			name = eliteTask;
			packageProductDependencies = (
				AE0C64A52C4A64C50009305D /* NVActivityIndicatorView */,
				AE0C64A82C4A64D10009305D /* Alamofire */,
				AE0C64AA2C4A64D10009305D /* AlamofireDynamic */,
			);
			productName = eliteTask;
			productReference = AE1618DB2C423BCC0027D92F /* eliteTask.app */;
			productType = "com.apple.product-type.application";
		};
		AE1618F32C423BCE0027D92F /* eliteTaskTests */ = {
			isa = PBXNativeTarget;
			buildConfigurationList = AE16190B2C423BCE0027D92F /* Build configuration list for PBXNativeTarget "eliteTaskTests" */;
			buildPhases = (
				AE1618F02C423BCE0027D92F /* Sources */,
				AE1618F12C423BCE0027D92F /* Frameworks */,
				AE1618F22C423BCE0027D92F /* Resources */,
			);
			buildRules = (
			);
			dependencies = (
				AE1618F62C423BCE0027D92F /* PBXTargetDependency */,
			);
			name = eliteTaskTests;
			productName = eliteTaskTests;
			productReference = AE1618F42C423BCE0027D92F /* eliteTaskTests.xctest */;
			productType = "com.apple.product-type.bundle.unit-test";
		};
		AE1618FD2C423BCE0027D92F /* eliteTaskUITests */ = {
			isa = PBXNativeTarget;
			buildConfigurationList = AE16190E2C423BCE0027D92F /* Build configuration list for PBXNativeTarget "eliteTaskUITests" */;
			buildPhases = (
				AE1618FA2C423BCE0027D92F /* Sources */,
				AE1618FB2C423BCE0027D92F /* Frameworks */,
				AE1618FC2C423BCE0027D92F /* Resources */,
			);
			buildRules = (
			);
			dependencies = (
				AE1619002C423BCE0027D92F /* PBXTargetDependency */,
			);
			name = eliteTaskUITests;
			productName = eliteTaskUITests;
			productReference = AE1618FE2C423BCE0027D92F /* eliteTaskUITests.xctest */;
			productType = "com.apple.product-type.bundle.ui-testing";
		};
/* End PBXNativeTarget section */

/* Begin PBXProject section */
		AE1618D32C423BCC0027D92F /* Project object */ = {
			isa = PBXProject;
			attributes = {
				BuildIndependentTargetsInParallel = 1;
				LastSwiftUpdateCheck = 1510;
				LastUpgradeCheck = 1510;
				TargetAttributes = {
					AE1618DA2C423BCC0027D92F = {
						CreatedOnToolsVersion = 15.1;
					};
					AE1618F32C423BCE0027D92F = {
						CreatedOnToolsVersion = 15.1;
						TestTargetID = AE1618DA2C423BCC0027D92F;
					};
					AE1618FD2C423BCE0027D92F = {
						CreatedOnToolsVersion = 15.1;
						TestTargetID = AE1618DA2C423BCC0027D92F;
					};
				};
			};
			buildConfigurationList = AE1618D62C423BCC0027D92F /* Build configuration list for PBXProject "eliteTask" */;
			compatibilityVersion = "Xcode 14.0";
			developmentRegion = en;
			hasScannedForEncodings = 0;
			knownRegions = (
				en,
				Base,
			);
			mainGroup = AE1618D22C423BCC0027D92F;
			packageReferences = (
				AE0C64A42C4A64C50009305D /* XCRemoteSwiftPackageReference "NVActivityIndicatorView" */,
				AE0C64A72C4A64D10009305D /* XCRemoteSwiftPackageReference "Alamofire" */,
			);
			productRefGroup = AE1618DC2C423BCC0027D92F /* Products */;
			projectDirPath = "";
			projectRoot = "";
			targets = (
				AE1618DA2C423BCC0027D92F /* eliteTask */,
				AE1618F32C423BCE0027D92F /* eliteTaskTests */,
				AE1618FD2C423BCE0027D92F /* eliteTaskUITests */,
			);
		};
/* End PBXProject section */

/* Begin PBXResourcesBuildPhase section */
		AE1618D92C423BCC0027D92F /* Resources */ = {
			isa = PBXResourcesBuildPhase;
			buildActionMask = 2147483647;
			files = (
				AEE690392C429C9900F56CE1 /* cardCollectionViewCell.xib in Resources */,
				AE1618EE2C423BCE0027D92F /* LaunchScreen.storyboard in Resources */,
				AE1618EB2C423BCE0027D92F /* Assets.xcassets in Resources */,
				AE1618E62C423BCC0027D92F /* Main.storyboard in Resources */,
			);
			runOnlyForDeploymentPostprocessing = 0;
		};
		AE1618F22C423BCE0027D92F /* Resources */ = {
			isa = PBXResourcesBuildPhase;
			buildActionMask = 2147483647;
			files = (
			);
			runOnlyForDeploymentPostprocessing = 0;
		};
		AE1618FC2C423BCE0027D92F /* Resources */ = {
			isa = PBXResourcesBuildPhase;
			buildActionMask = 2147483647;
			files = (
			);
			runOnlyForDeploymentPostprocessing = 0;
		};
/* End PBXResourcesBuildPhase section */

/* Begin PBXSourcesBuildPhase section */
		AE1618D72C423BCC0027D92F /* Sources */ = {
			isa = PBXSourcesBuildPhase;
			buildActionMask = 2147483647;
			files = (
				AE1618E92C423BCC0027D92F /* eliteTask.xcdatamodeld in Sources */,
				AE1618DF2C423BCC0027D92F /* AppDelegate.swift in Sources */,
				AE6CEC522C427545000BF4A0 /* shareViewController.swift in Sources */,
				AE1618E12C423BCC0027D92F /* SceneDelegate.swift in Sources */,
				AEE690382C429C9900F56CE1 /* cardCollectionViewCell.swift in Sources */,
				AE62894D2C4E2291001B0055 /* serviceFile.swift in Sources */,
				AE6CEC4E2C427525000BF4A0 /* cardViewController.swift in Sources */,
				AE6CEC502C427533000BF4A0 /* prosepectViewController.swift in Sources */,
				AE1619172C423C590027D92F /* Helper.swift in Sources */,
				AE16191F2C423D1A0027D92F /* mainViewModel.swift in Sources */,
				AE6CEC542C427559000BF4A0 /* settingsViewController.swift in Sources */,
				AE8AF6492C4E270500781C57 /* employeeModel.swift in Sources */,
			);
			runOnlyForDeploymentPostprocessing = 0;
		};
		AE1618F02C423BCE0027D92F /* Sources */ = {
			isa = PBXSourcesBuildPhase;
			buildActionMask = 2147483647;
			files = (
				AE1618F92C423BCE0027D92F /* eliteTaskTests.swift in Sources */,
				AE62894E2C4E2291001B0055 /* serviceFile.swift in Sources */,
				AE8AF64A2C4E270500781C57 /* employeeModel.swift in Sources */,
			);
			runOnlyForDeploymentPostprocessing = 0;
		};
		AE1618FA2C423BCE0027D92F /* Sources */ = {
			isa = PBXSourcesBuildPhase;
			buildActionMask = 2147483647;
			files = (
				AE1619032C423BCE0027D92F /* eliteTaskUITests.swift in Sources */,
				AE62894F2C4E2291001B0055 /* serviceFile.swift in Sources */,
				AE1619052C423BCE0027D92F /* eliteTaskUITestsLaunchTests.swift in Sources */,
				AE8AF64B2C4E270500781C57 /* employeeModel.swift in Sources */,
			);
			runOnlyForDeploymentPostprocessing = 0;
		};
/* End PBXSourcesBuildPhase section */

/* Begin PBXTargetDependency section */
		AE1618F62C423BCE0027D92F /* PBXTargetDependency */ = {
			isa = PBXTargetDependency;
			target = AE1618DA2C423BCC0027D92F /* eliteTask */;
			targetProxy = AE1618F52C423BCE0027D92F /* PBXContainerItemProxy */;
		};
		AE1619002C423BCE0027D92F /* PBXTargetDependency */ = {
			isa = PBXTargetDependency;
			target = AE1618DA2C423BCC0027D92F /* eliteTask */;
			targetProxy = AE1618FF2C423BCE0027D92F /* PBXContainerItemProxy */;
		};
/* End PBXTargetDependency section */

/* Begin PBXVariantGroup section */
		AE1618E42C423BCC0027D92F /* Main.storyboard */ = {
			isa = PBXVariantGroup;
			children = (
				AE1618E52C423BCC0027D92F /* Base */,
			);
			name = Main.storyboard;
			sourceTree = "<group>";
		};
		AE1618EC2C423BCE0027D92F /* LaunchScreen.storyboard */ = {
			isa = PBXVariantGroup;
			children = (
				AE1618ED2C423BCE0027D92F /* Base */,
			);
			name = LaunchScreen.storyboard;
			sourceTree = "<group>";
		};
/* End PBXVariantGroup section */

/* Begin XCBuildConfiguration section */
		AE1619062C423BCE0027D92F /* Debug */ = {
			isa = XCBuildConfiguration;
			buildSettings = {
				ALWAYS_SEARCH_USER_PATHS = NO;
				ASSETCATALOG_COMPILER_GENERATE_SWIFT_ASSET_SYMBOL_EXTENSIONS = YES;
				CLANG_ANALYZER_NONNULL = YES;
				CLANG_ANALYZER_NUMBER_OBJECT_CONVERSION = YES_AGGRESSIVE;
				CLANG_CXX_LANGUAGE_STANDARD = "gnu++20";
				CLANG_ENABLE_MODULES = YES;
				CLANG_ENABLE_OBJC_ARC = YES;
				CLANG_ENABLE_OBJC_WEAK = YES;
				CLANG_WARN_BLOCK_CAPTURE_AUTORELEASING = YES;
				CLANG_WARN_BOOL_CONVERSION = YES;
				CLANG_WARN_COMMA = YES;
				CLANG_WARN_CONSTANT_CONVERSION = YES;
				CLANG_WARN_DEPRECATED_OBJC_IMPLEMENTATIONS = YES;
				CLANG_WARN_DIRECT_OBJC_ISA_USAGE = YES_ERROR;
				CLANG_WARN_DOCUMENTATION_COMMENTS = YES;
				CLANG_WARN_EMPTY_BODY = YES;
				CLANG_WARN_ENUM_CONVERSION = YES;
				CLANG_WARN_INFINITE_RECURSION = YES;
				CLANG_WARN_INT_CONVERSION = YES;
				CLANG_WARN_NON_LITERAL_NULL_CONVERSION = YES;
				CLANG_WARN_OBJC_IMPLICIT_RETAIN_SELF = YES;
				CLANG_WARN_OBJC_LITERAL_CONVERSION = YES;
				CLANG_WARN_OBJC_ROOT_CLASS = YES_ERROR;
				CLANG_WARN_QUOTED_INCLUDE_IN_FRAMEWORK_HEADER = YES;
				CLANG_WARN_RANGE_LOOP_ANALYSIS = YES;
				CLANG_WARN_STRICT_PROTOTYPES = YES;
				CLANG_WARN_SUSPICIOUS_MOVE = YES;
				CLANG_WARN_UNGUARDED_AVAILABILITY = YES_AGGRESSIVE;
				CLANG_WARN_UNREACHABLE_CODE = YES;
				CLANG_WARN__DUPLICATE_METHOD_MATCH = YES;
				COPY_PHASE_STRIP = NO;
				DEBUG_INFORMATION_FORMAT = dwarf;
				ENABLE_STRICT_OBJC_MSGSEND = YES;
				ENABLE_TESTABILITY = YES;
				ENABLE_USER_SCRIPT_SANDBOXING = YES;
				GCC_C_LANGUAGE_STANDARD = gnu17;
				GCC_DYNAMIC_NO_PIC = NO;
				GCC_NO_COMMON_BLOCKS = YES;
				GCC_OPTIMIZATION_LEVEL = 0;
				GCC_PREPROCESSOR_DEFINITIONS = (
					"DEBUG=1",
					"$(inherited)",
				);
				GCC_WARN_64_TO_32_BIT_CONVERSION = YES;
				GCC_WARN_ABOUT_RETURN_TYPE = YES_ERROR;
				GCC_WARN_UNDECLARED_SELECTOR = YES;
				GCC_WARN_UNINITIALIZED_AUTOS = YES_AGGRESSIVE;
				GCC_WARN_UNUSED_FUNCTION = YES;
				GCC_WARN_UNUSED_VARIABLE = YES;
				IPHONEOS_DEPLOYMENT_TARGET = 17.2;
				LOCALIZATION_PREFERS_STRING_CATALOGS = YES;
				MTL_ENABLE_DEBUG_INFO = INCLUDE_SOURCE;
				MTL_FAST_MATH = YES;
				ONLY_ACTIVE_ARCH = YES;
				SDKROOT = iphoneos;
				SWIFT_ACTIVE_COMPILATION_CONDITIONS = "DEBUG $(inherited)";
				SWIFT_OPTIMIZATION_LEVEL = "-Onone";
			};
			name = Debug;
		};
		AE1619072C423BCE0027D92F /* Release */ = {
			isa = XCBuildConfiguration;
			buildSettings = {
				ALWAYS_SEARCH_USER_PATHS = NO;
				ASSETCATALOG_COMPILER_GENERATE_SWIFT_ASSET_SYMBOL_EXTENSIONS = YES;
				CLANG_ANALYZER_NONNULL = YES;
				CLANG_ANALYZER_NUMBER_OBJECT_CONVERSION = YES_AGGRESSIVE;
				CLANG_CXX_LANGUAGE_STANDARD = "gnu++20";
				CLANG_ENABLE_MODULES = YES;
				CLANG_ENABLE_OBJC_ARC = YES;
				CLANG_ENABLE_OBJC_WEAK = YES;
				CLANG_WARN_BLOCK_CAPTURE_AUTORELEASING = YES;
				CLANG_WARN_BOOL_CONVERSION = YES;
				CLANG_WARN_COMMA = YES;
				CLANG_WARN_CONSTANT_CONVERSION = YES;
				CLANG_WARN_DEPRECATED_OBJC_IMPLEMENTATIONS = YES;
				CLANG_WARN_DIRECT_OBJC_ISA_USAGE = YES_ERROR;
				CLANG_WARN_DOCUMENTATION_COMMENTS = YES;
				CLANG_WARN_EMPTY_BODY = YES;
				CLANG_WARN_ENUM_CONVERSION = YES;
				CLANG_WARN_INFINITE_RECURSION = YES;
				CLANG_WARN_INT_CONVERSION = YES;
				CLANG_WARN_NON_LITERAL_NULL_CONVERSION = YES;
				CLANG_WARN_OBJC_IMPLICIT_RETAIN_SELF = YES;
				CLANG_WARN_OBJC_LITERAL_CONVERSION = YES;
				CLANG_WARN_OBJC_ROOT_CLASS = YES_ERROR;
				CLANG_WARN_QUOTED_INCLUDE_IN_FRAMEWORK_HEADER = YES;
				CLANG_WARN_RANGE_LOOP_ANALYSIS = YES;
				CLANG_WARN_STRICT_PROTOTYPES = YES;
				CLANG_WARN_SUSPICIOUS_MOVE = YES;
				CLANG_WARN_UNGUARDED_AVAILABILITY = YES_AGGRESSIVE;
				CLANG_WARN_UNREACHABLE_CODE = YES;
				CLANG_WARN__DUPLICATE_METHOD_MATCH = YES;
				COPY_PHASE_STRIP = NO;
				DEBUG_INFORMATION_FORMAT = "dwarf-with-dsym";
				ENABLE_NS_ASSERTIONS = NO;
				ENABLE_STRICT_OBJC_MSGSEND = YES;
				ENABLE_USER_SCRIPT_SANDBOXING = YES;
				GCC_C_LANGUAGE_STANDARD = gnu17;
				GCC_NO_COMMON_BLOCKS = YES;
				GCC_WARN_64_TO_32_BIT_CONVERSION = YES;
				GCC_WARN_ABOUT_RETURN_TYPE = YES_ERROR;
				GCC_WARN_UNDECLARED_SELECTOR = YES;
				GCC_WARN_UNINITIALIZED_AUTOS = YES_AGGRESSIVE;
				GCC_WARN_UNUSED_FUNCTION = YES;
				GCC_WARN_UNUSED_VARIABLE = YES;
				IPHONEOS_DEPLOYMENT_TARGET = 17.2;
				LOCALIZATION_PREFERS_STRING_CATALOGS = YES;
				MTL_ENABLE_DEBUG_INFO = NO;
				MTL_FAST_MATH = YES;
				SDKROOT = iphoneos;
				SWIFT_COMPILATION_MODE = wholemodule;
				VALIDATE_PRODUCT = YES;
			};
			name = Release;
		};
		AE1619092C423BCE0027D92F /* Debug */ = {
			isa = XCBuildConfiguration;
			buildSettings = {
				ASSETCATALOG_COMPILER_APPICON_NAME = AppIcon;
				ASSETCATALOG_COMPILER_GLOBAL_ACCENT_COLOR_NAME = AccentColor;
				CODE_SIGN_STYLE = Automatic;
				CURRENT_PROJECT_VERSION = 1;
				DEVELOPMENT_TEAM = RJZ7P4XP6T;
				GENERATE_INFOPLIST_FILE = YES;
				INFOPLIST_FILE = eliteTask/Info.plist;
				INFOPLIST_KEY_UIApplicationSupportsIndirectInputEvents = YES;
				INFOPLIST_KEY_UILaunchStoryboardName = LaunchScreen;
				INFOPLIST_KEY_UIMainStoryboardFile = Main;
				INFOPLIST_KEY_UISupportedInterfaceOrientations = UIInterfaceOrientationPortrait;
				LD_RUNPATH_SEARCH_PATHS = (
					"$(inherited)",
					"@executable_path/Frameworks",
				);
				MARKETING_VERSION = 1.0;
				PRODUCT_BUNDLE_IDENTIFIER = com.greaterboston.ClientNAV.eliteTask;
				PRODUCT_NAME = "$(TARGET_NAME)";
				SWIFT_EMIT_LOC_STRINGS = YES;
				SWIFT_VERSION = 5.0;
				TARGETED_DEVICE_FAMILY = "1,2";
			};
			name = Debug;
		};
		AE16190A2C423BCE0027D92F /* Release */ = {
			isa = XCBuildConfiguration;
			buildSettings = {
				ASSETCATALOG_COMPILER_APPICON_NAME = AppIcon;
				ASSETCATALOG_COMPILER_GLOBAL_ACCENT_COLOR_NAME = AccentColor;
				CODE_SIGN_STYLE = Automatic;
				CURRENT_PROJECT_VERSION = 1;
				DEVELOPMENT_TEAM = RJZ7P4XP6T;
				GENERATE_INFOPLIST_FILE = YES;
				INFOPLIST_FILE = eliteTask/Info.plist;
				INFOPLIST_KEY_UIApplicationSupportsIndirectInputEvents = YES;
				INFOPLIST_KEY_UILaunchStoryboardName = LaunchScreen;
				INFOPLIST_KEY_UIMainStoryboardFile = Main;
				INFOPLIST_KEY_UISupportedInterfaceOrientations = UIInterfaceOrientationPortrait;
				LD_RUNPATH_SEARCH_PATHS = (
					"$(inherited)",
					"@executable_path/Frameworks",
				);
				MARKETING_VERSION = 1.0;
				PRODUCT_BUNDLE_IDENTIFIER = com.greaterboston.ClientNAV.eliteTask;
				PRODUCT_NAME = "$(TARGET_NAME)";
				SWIFT_EMIT_LOC_STRINGS = YES;
				SWIFT_VERSION = 5.0;
				TARGETED_DEVICE_FAMILY = "1,2";
			};
			name = Release;
		};
		AE16190C2C423BCE0027D92F /* Debug */ = {
			isa = XCBuildConfiguration;
			buildSettings = {
				ALWAYS_EMBED_SWIFT_STANDARD_LIBRARIES = YES;
				BUNDLE_LOADER = "$(TEST_HOST)";
				CODE_SIGN_STYLE = Automatic;
				CURRENT_PROJECT_VERSION = 1;
				DEVELOPMENT_TEAM = RJZ7P4XP6T;
				GENERATE_INFOPLIST_FILE = YES;
				IPHONEOS_DEPLOYMENT_TARGET = 17.2;
				MARKETING_VERSION = 1.0;
				PRODUCT_BUNDLE_IDENTIFIER = com.greaterboston.ClientNAV.eliteTaskTests;
				PRODUCT_NAME = "$(TARGET_NAME)";
				SUPPORTED_PLATFORMS = "iphoneos iphonesimulator";
				SUPPORTS_MACCATALYST = NO;
				SUPPORTS_MAC_DESIGNED_FOR_IPHONE_IPAD = NO;
				SWIFT_EMIT_LOC_STRINGS = NO;
				SWIFT_VERSION = 5.0;
				TARGETED_DEVICE_FAMILY = 1;
				TEST_HOST = "$(BUILT_PRODUCTS_DIR)/eliteTask.app/$(BUNDLE_EXECUTABLE_FOLDER_PATH)/eliteTask";
			};
			name = Debug;
		};
		AE16190D2C423BCE0027D92F /* Release */ = {
			isa = XCBuildConfiguration;
			buildSettings = {
				ALWAYS_EMBED_SWIFT_STANDARD_LIBRARIES = YES;
				BUNDLE_LOADER = "$(TEST_HOST)";
				CODE_SIGN_STYLE = Automatic;
				CURRENT_PROJECT_VERSION = 1;
				DEVELOPMENT_TEAM = RJZ7P4XP6T;
				GENERATE_INFOPLIST_FILE = YES;
				IPHONEOS_DEPLOYMENT_TARGET = 17.2;
				MARKETING_VERSION = 1.0;
				PRODUCT_BUNDLE_IDENTIFIER = com.greaterboston.ClientNAV.eliteTaskTests;
				PRODUCT_NAME = "$(TARGET_NAME)";
				SUPPORTED_PLATFORMS = "iphoneos iphonesimulator";
				SUPPORTS_MACCATALYST = NO;
				SUPPORTS_MAC_DESIGNED_FOR_IPHONE_IPAD = NO;
				SWIFT_EMIT_LOC_STRINGS = NO;
				SWIFT_VERSION = 5.0;
				TARGETED_DEVICE_FAMILY = 1;
				TEST_HOST = "$(BUILT_PRODUCTS_DIR)/eliteTask.app/$(BUNDLE_EXECUTABLE_FOLDER_PATH)/eliteTask";
			};
			name = Release;
		};
		AE16190F2C423BCE0027D92F /* Debug */ = {
			isa = XCBuildConfiguration;
			buildSettings = {
				ALWAYS_EMBED_SWIFT_STANDARD_LIBRARIES = YES;
				CODE_SIGN_STYLE = Automatic;
				CURRENT_PROJECT_VERSION = 1;
				DEVELOPMENT_TEAM = RJZ7P4XP6T;
				GENERATE_INFOPLIST_FILE = YES;
				MARKETING_VERSION = 1.0;
				PRODUCT_BUNDLE_IDENTIFIER = com.greaterboston.ClientNAV.eliteTaskUITests;
				PRODUCT_NAME = "$(TARGET_NAME)";
				SWIFT_EMIT_LOC_STRINGS = NO;
				SWIFT_VERSION = 5.0;
				TARGETED_DEVICE_FAMILY = "1,2";
				TEST_TARGET_NAME = eliteTask;
			};
			name = Debug;
		};
		AE1619102C423BCE0027D92F /* Release */ = {
			isa = XCBuildConfiguration;
			buildSettings = {
				ALWAYS_EMBED_SWIFT_STANDARD_LIBRARIES = YES;
				CODE_SIGN_STYLE = Automatic;
				CURRENT_PROJECT_VERSION = 1;
				DEVELOPMENT_TEAM = RJZ7P4XP6T;
				GENERATE_INFOPLIST_FILE = YES;
				MARKETING_VERSION = 1.0;
				PRODUCT_BUNDLE_IDENTIFIER = com.greaterboston.ClientNAV.eliteTaskUITests;
				PRODUCT_NAME = "$(TARGET_NAME)";
				SWIFT_EMIT_LOC_STRINGS = NO;
				SWIFT_VERSION = 5.0;
				TARGETED_DEVICE_FAMILY = "1,2";
				TEST_TARGET_NAME = eliteTask;
			};
			name = Release;
		};
/* End XCBuildConfiguration section */

/* Begin XCConfigurationList section */
		AE1618D62C423BCC0027D92F /* Build configuration list for PBXProject "eliteTask" */ = {
			isa = XCConfigurationList;
			buildConfigurations = (
				AE1619062C423BCE0027D92F /* Debug */,
				AE1619072C423BCE0027D92F /* Release */,
			);
			defaultConfigurationIsVisible = 0;
			defaultConfigurationName = Release;
		};
		AE1619082C423BCE0027D92F /* Build configuration list for PBXNativeTarget "eliteTask" */ = {
			isa = XCConfigurationList;
			buildConfigurations = (
				AE1619092C423BCE0027D92F /* Debug */,
				AE16190A2C423BCE0027D92F /* Release */,
			);
			defaultConfigurationIsVisible = 0;
			defaultConfigurationName = Release;
		};
		AE16190B2C423BCE0027D92F /* Build configuration list for PBXNativeTarget "eliteTaskTests" */ = {
			isa = XCConfigurationList;
			buildConfigurations = (
				AE16190C2C423BCE0027D92F /* Debug */,
				AE16190D2C423BCE0027D92F /* Release */,
			);
			defaultConfigurationIsVisible = 0;
			defaultConfigurationName = Release;
		};
		AE16190E2C423BCE0027D92F /* Build configuration list for PBXNativeTarget "eliteTaskUITests" */ = {
			isa = XCConfigurationList;
			buildConfigurations = (
				AE16190F2C423BCE0027D92F /* Debug */,
				AE1619102C423BCE0027D92F /* Release */,
			);
			defaultConfigurationIsVisible = 0;
			defaultConfigurationName = Release;
		};
/* End XCConfigurationList section */

/* Begin XCRemoteSwiftPackageReference section */
		AE0C64A42C4A64C50009305D /* XCRemoteSwiftPackageReference "NVActivityIndicatorView" */ = {
			isa = XCRemoteSwiftPackageReference;
			repositoryURL = "https://github.com/ninjaprox/NVActivityIndicatorView.git";
			requirement = {
				kind = upToNextMajorVersion;
				minimumVersion = 5.2.0;
			};
		};
		AE0C64A72C4A64D10009305D /* XCRemoteSwiftPackageReference "Alamofire" */ = {
			isa = XCRemoteSwiftPackageReference;
			repositoryURL = "https://github.com/Alamofire/Alamofire.git";
			requirement = {
				kind = upToNextMajorVersion;
				minimumVersion = 5.9.1;
			};
		};
/* End XCRemoteSwiftPackageReference section */

/* Begin XCSwiftPackageProductDependency section */
		AE0C64A52C4A64C50009305D /* NVActivityIndicatorView */ = {
			isa = XCSwiftPackageProductDependency;
			package = AE0C64A42C4A64C50009305D /* XCRemoteSwiftPackageReference "NVActivityIndicatorView" */;
			productName = NVActivityIndicatorView;
		};
		AE0C64A82C4A64D10009305D /* Alamofire */ = {
			isa = XCSwiftPackageProductDependency;
			package = AE0C64A72C4A64D10009305D /* XCRemoteSwiftPackageReference "Alamofire" */;
			productName = Alamofire;
		};
		AE0C64AA2C4A64D10009305D /* AlamofireDynamic */ = {
			isa = XCSwiftPackageProductDependency;
			package = AE0C64A72C4A64D10009305D /* XCRemoteSwiftPackageReference "Alamofire" */;
			productName = AlamofireDynamic;
		};
/* End XCSwiftPackageProductDependency section */

/* Begin XCVersionGroup section */
		AE1618E72C423BCC0027D92F /* eliteTask.xcdatamodeld */ = {
			isa = XCVersionGroup;
			children = (
				AE1618E82C423BCC0027D92F /* eliteTask.xcdatamodel */,
			);
			currentVersion = AE1618E82C423BCC0027D92F /* eliteTask.xcdatamodel */;
			path = eliteTask.xcdatamodeld;
			sourceTree = "<group>";
			versionGroupType = wrapper.xcdatamodel;
		};
/* End XCVersionGroup section */
	};
	rootObject = AE1618D32C423BCC0027D92F /* Project object */;
}
